<?xml version="1.0" encoding="utf-8"?>
<Project ToolsVersion="4.0" xmlns="http://schemas.microsoft.com/developer/msbuild/2003">
  <ItemGroup>
    <ClInclude Include="norender.h" />
    <ClInclude Include="vertex.h">
      <Filter>vertexshaders</Filter>
    </ClInclude>
    <ClInclude Include="frag.h">
      <Filter>fragmentshaders</Filter>
    </ClInclude>
    <ClInclude Include="helper.h">
      <Filter>helpers</Filter>
    </ClInclude>
    <ClInclude Include="renderdata.h">
      <Filter>drawcalls</Filter>
    </ClInclude>
    <ClInclude Include="buffers.h">
      <Filter>initbuffers</Filter>
    </ClInclude>
  </ItemGroup>
  <ItemGroup>
    <Filter Include="drawcalls">
      <UniqueIdentifier>{69a9e10f-e52d-40f8-9dfd-8d16207744fa}</UniqueIdentifier>
    </Filter>
    <Filter Include="vertexshaders">
      <UniqueIdentifier>{01918d8b-02fb-4c16-8427-08bd6eba59db}</UniqueIdentifier>
    </Filter>
    <Filter Include="fragmentshaders">
      <UniqueIdentifier>{4d31c1ae-578c-45e9-bfcb-41e338667a5a}</UniqueIdentifier>
    </Filter>
    <Filter Include="helpers">
      <UniqueIdentifier>{bfeb11a2-e6bc-4b43-9e9f-1c26b6013ecb}</UniqueIdentifier>
    </Filter>
    <Filter Include="initbuffers">
      <UniqueIdentifier>{0a337360-3ea7-4b14-9126-5fc52a6f1e8b}</UniqueIdentifier>
    </Filter>
  </ItemGroup>
  <ItemGroup>
    <ClCompile Include="drawcalls2d.cpp">
      <Filter>drawcalls</Filter>
    </ClCompile>
    <ClCompile Include="..\glad\src\glad.c" />
    <ClCompile Include="main.cpp" />
  </ItemGroup>
</Project>